
Microsoft Visual Studio Solution File, Format Version 12.00
# Visual Studio 14
VisualStudioVersion = 14.0.25420.1
MinimumVisualStudioVersion = 10.0.40219.1
Project("{FAE04EC0-301F-11D3-BF4B-00C04F79EFBC}") = "StackList", "StackList\StackList\StackList.csproj", "{6F01864C-69A7-45F0-888F-8B1E70078453}"
EndProject
Project("{FAE04EC0-301F-11D3-BF4B-00C04F79EFBC}") = "StackList.Droid", "StackList\StackList.Droid\StackList.Droid.csproj", "{515CEDF0-C8E4-442A-9D05-655B31CC94CB}"
EndProject
Project("{FAE04EC0-301F-11D3-BF4B-00C04F79EFBC}") = "StackList.iOS", "StackList\StackList.iOS\StackList.iOS.csproj", "{97C12E9B-2C96-4B0B-AF61-1F718935818A}"
EndProject
Global
	GlobalSection(SolutionConfigurationPlatforms) = preSolution
		Ad-Hoc|Any CPU = Ad-Hoc|Any CPU
		Ad-Hoc|ARM = Ad-Hoc|ARM
		Ad-Hoc|iPhone = Ad-Hoc|iPhone
		Ad-Hoc|iPhoneSimulator = Ad-Hoc|iPhoneSimulator
		Ad-Hoc|x64 = Ad-Hoc|x64
		Ad-Hoc|x86 = Ad-Hoc|x86
		AppStore|Any CPU = AppStore|Any CPU
		AppStore|ARM = AppStore|ARM
		AppStore|iPhone = AppStore|iPhone
		AppStore|iPhoneSimulator = AppStore|iPhoneSimulator
		AppStore|x64 = AppStore|x64
		AppStore|x86 = AppStore|x86
		Debug|Any CPU = Debug|Any CPU
		Debug|ARM = Debug|ARM
		Debug|iPhone = Debug|iPhone
		Debug|iPhoneSimulator = Debug|iPhoneSimulator
		Debug|x64 = Debug|x64
		Debug|x86 = Debug|x86
		Release|Any CPU = Release|Any CPU
		Release|ARM = Release|ARM
		Release|iPhone = Release|iPhone
		Release|iPhoneSimulator = Release|iPhoneSimulator
		Release|x64 = Release|x64
		Release|x86 = Release|x86
	EndGlobalSection
	GlobalSection(ProjectConfigurationPlatforms) = postSolution
		{6F01864C-69A7-45F0-888F-8B1E70078453}.Ad-Hoc|Any CPU.ActiveCfg = Release|Any CPU
		{6F01864C-69A7-45F0-888F-8B1E70078453}.Ad-Hoc|Any CPU.Build.0 = Release|Any CPU
		{6F01864C-69A7-45F0-888F-8B1E70078453}.Ad-Hoc|ARM.ActiveCfg = Release|Any CPU
		{6F01864C-69A7-45F0-888F-8B1E70078453}.Ad-Hoc|ARM.Build.0 = Release|Any CPU
		{6F01864C-69A7-45F0-888F-8B1E70078453}.Ad-Hoc|iPhone.ActiveCfg = Release|Any CPU
		{6F01864C-69A7-45F0-888F-8B1E70078453}.Ad-Hoc|iPhone.Build.0 = Release|Any CPU
		{6F01864C-69A7-45F0-888F-8B1E70078453}.Ad-Hoc|iPhoneSimulator.ActiveCfg = Release|Any CPU
		{6F01864C-69A7-45F0-888F-8B1E70078453}.Ad-Hoc|iPhoneSimulator.Build.0 = Release|Any CPU
		{6F01864C-69A7-45F0-888F-8B1E70078453}.Ad-Hoc|x64.ActiveCfg = Release|Any CPU
		{6F01864C-69A7-45F0-888F-8B1E70078453}.Ad-Hoc|x64.Build.0 = Release|Any CPU
		{6F01864C-69A7-45F0-888F-8B1E70078453}.Ad-Hoc|x86.ActiveCfg = Release|Any CPU
		{6F01864C-69A7-45F0-888F-8B1E70078453}.Ad-Hoc|x86.Build.0 = Release|Any CPU
		{6F01864C-69A7-45F0-888F-8B1E70078453}.AppStore|Any CPU.ActiveCfg = Release|Any CPU
		{6F01864C-69A7-45F0-888F-8B1E70078453}.AppStore|Any CPU.Build.0 = Release|Any CPU
		{6F01864C-69A7-45F0-888F-8B1E70078453}.AppStore|ARM.ActiveCfg = Release|Any CPU
		{6F01864C-69A7-45F0-888F-8B1E70078453}.AppStore|ARM.Build.0 = Release|Any CPU
		{6F01864C-69A7-45F0-888F-8B1E70078453}.AppStore|iPhone.ActiveCfg = Release|Any CPU
		{6F01864C-69A7-45F0-888F-8B1E70078453}.AppStore|iPhone.Build.0 = Release|Any CPU
		{6F01864C-69A7-45F0-888F-8B1E70078453}.AppStore|iPhoneSimulator.ActiveCfg = Release|Any CPU
		{6F01864C-69A7-45F0-888F-8B1E70078453}.AppStore|iPhoneSimulator.Build.0 = Release|Any CPU
		{6F01864C-69A7-45F0-888F-8B1E70078453}.AppStore|x64.ActiveCfg = Release|Any CPU
		{6F01864C-69A7-45F0-888F-8B1E70078453}.AppStore|x64.Build.0 = Release|Any CPU
		{6F01864C-69A7-45F0-888F-8B1E70078453}.AppStore|x86.ActiveCfg = Release|Any CPU
		{6F01864C-69A7-45F0-888F-8B1E70078453}.AppStore|x86.Build.0 = Release|Any CPU
		{6F01864C-69A7-45F0-888F-8B1E70078453}.Debug|Any CPU.ActiveCfg = Debug|Any CPU
		{6F01864C-69A7-45F0-888F-8B1E70078453}.Debug|Any CPU.Build.0 = Debug|Any CPU
		{6F01864C-69A7-45F0-888F-8B1E70078453}.Debug|ARM.ActiveCfg = Debug|Any CPU
		{6F01864C-69A7-45F0-888F-8B1E70078453}.Debug|ARM.Build.0 = Debug|Any CPU
		{6F01864C-69A7-45F0-888F-8B1E70078453}.Debug|iPhone.ActiveCfg = Debug|Any CPU
		{6F01864C-69A7-45F0-888F-8B1E70078453}.Debug|iPhone.Build.0 = Debug|Any CPU
		{6F01864C-69A7-45F0-888F-8B1E70078453}.Debug|iPhoneSimulator.ActiveCfg = Debug|Any CPU
		{6F01864C-69A7-45F0-888F-8B1E70078453}.Debug|iPhoneSimulator.Build.0 = Debug|Any CPU
		{6F01864C-69A7-45F0-888F-8B1E70078453}.Debug|x64.ActiveCfg = Debug|Any CPU
		{6F01864C-69A7-45F0-888F-8B1E70078453}.Debug|x64.Build.0 = Debug|Any CPU
		{6F01864C-69A7-45F0-888F-8B1E70078453}.Debug|x86.ActiveCfg = Debug|Any CPU
		{6F01864C-69A7-45F0-888F-8B1E70078453}.Debug|x86.Build.0 = Debug|Any CPU
		{6F01864C-69A7-45F0-888F-8B1E70078453}.Release|Any CPU.ActiveCfg = Release|Any CPU
		{6F01864C-69A7-45F0-888F-8B1E70078453}.Release|Any CPU.Build.0 = Release|Any CPU
		{6F01864C-69A7-45F0-888F-8B1E70078453}.Release|ARM.ActiveCfg = Release|Any CPU
		{6F01864C-69A7-45F0-888F-8B1E70078453}.Release|ARM.Build.0 = Release|Any CPU
		{6F01864C-69A7-45F0-888F-8B1E70078453}.Release|iPhone.ActiveCfg = Release|Any CPU
		{6F01864C-69A7-45F0-888F-8B1E70078453}.Release|iPhone.Build.0 = Release|Any CPU
		{6F01864C-69A7-45F0-888F-8B1E70078453}.Release|iPhoneSimulator.ActiveCfg = Release|Any CPU
		{6F01864C-69A7-45F0-888F-8B1E70078453}.Release|iPhoneSimulator.Build.0 = Release|Any CPU
		{6F01864C-69A7-45F0-888F-8B1E70078453}.Release|x64.ActiveCfg = Release|Any CPU
		{6F01864C-69A7-45F0-888F-8B1E70078453}.Release|x64.Build.0 = Release|Any CPU
		{6F01864C-69A7-45F0-888F-8B1E70078453}.Release|x86.ActiveCfg = Release|Any CPU
		{6F01864C-69A7-45F0-888F-8B1E70078453}.Release|x86.Build.0 = Release|Any CPU
		{515CEDF0-C8E4-442A-9D05-655B31CC94CB}.Ad-Hoc|Any CPU.ActiveCfg = Release|Any CPU
		{515CEDF0-C8E4-442A-9D05-655B31CC94CB}.Ad-Hoc|Any CPU.Build.0 = Release|Any CPU
		{515CEDF0-C8E4-442A-9D05-655B31CC94CB}.Ad-Hoc|Any CPU.Deploy.0 = Release|Any CPU
		{515CEDF0-C8E4-442A-9D05-655B31CC94CB}.Ad-Hoc|ARM.ActiveCfg = Release|Any CPU
		{515CEDF0-C8E4-442A-9D05-655B31CC94CB}.Ad-Hoc|ARM.Build.0 = Release|Any CPU
		{515CEDF0-C8E4-442A-9D05-655B31CC94CB}.Ad-Hoc|ARM.Deploy.0 = Release|Any CPU
		{515CEDF0-C8E4-442A-9D05-655B31CC94CB}.Ad-Hoc|iPhone.ActiveCfg = Release|Any CPU
		{515CEDF0-C8E4-442A-9D05-655B31CC94CB}.Ad-Hoc|iPhone.Build.0 = Release|Any CPU
		{515CEDF0-C8E4-442A-9D05-655B31CC94CB}.Ad-Hoc|iPhone.Deploy.0 = Release|Any CPU
		{515CEDF0-C8E4-442A-9D05-655B31CC94CB}.Ad-Hoc|iPhoneSimulator.ActiveCfg = Release|Any CPU
		{515CEDF0-C8E4-442A-9D05-655B31CC94CB}.Ad-Hoc|iPhoneSimulator.Build.0 = Release|Any CPU
		{515CEDF0-C8E4-442A-9D05-655B31CC94CB}.Ad-Hoc|iPhoneSimulator.Deploy.0 = Release|Any CPU
		{515CEDF0-C8E4-442A-9D05-655B31CC94CB}.Ad-Hoc|x64.ActiveCfg = Release|Any CPU
		{515CEDF0-C8E4-442A-9D05-655B31CC94CB}.Ad-Hoc|x64.Build.0 = Release|Any CPU
		{515CEDF0-C8E4-442A-9D05-655B31CC94CB}.Ad-Hoc|x64.Deploy.0 = Release|Any CPU
		{515CEDF0-C8E4-442A-9D05-655B31CC94CB}.Ad-Hoc|x86.ActiveCfg = Release|Any CPU
		{515CEDF0-C8E4-442A-9D05-655B31CC94CB}.Ad-Hoc|x86.Build.0 = Release|Any CPU
		{515CEDF0-C8E4-442A-9D05-655B31CC94CB}.Ad-Hoc|x86.Deploy.0 = Release|Any CPU
		{515CEDF0-C8E4-442A-9D05-655B31CC94CB}.AppStore|Any CPU.ActiveCfg = Release|Any CPU
		{515CEDF0-C8E4-442A-9D05-655B31CC94CB}.AppStore|Any CPU.Build.0 = Release|Any CPU
		{515CEDF0-C8E4-442A-9D05-655B31CC94CB}.AppStore|Any CPU.Deploy.0 = Release|Any CPU
		{515CEDF0-C8E4-442A-9D05-655B31CC94CB}.AppStore|ARM.ActiveCfg = Release|Any CPU
		{515CEDF0-C8E4-442A-9D05-655B31CC94CB}.AppStore|ARM.Build.0 = Release|Any CPU
		{515CEDF0-C8E4-442A-9D05-655B31CC94CB}.AppStore|ARM.Deploy.0 = Release|Any CPU
		{515CEDF0-C8E4-442A-9D05-655B31CC94CB}.AppStore|iPhone.ActiveCfg = Release|Any CPU
		{515CEDF0-C8E4-442A-9D05-655B31CC94CB}.AppStore|iPhone.Build.0 = Release|Any CPU
		{515CEDF0-C8E4-442A-9D05-655B31CC94CB}.AppStore|iPhone.Deploy.0 = Release|Any CPU
		{515CEDF0-C8E4-442A-9D05-655B31CC94CB}.AppStore|iPhoneSimulator.ActiveCfg = Release|Any CPU
		{515CEDF0-C8E4-442A-9D05-655B31CC94CB}.AppStore|iPhoneSimulator.Build.0 = Release|Any CPU
		{515CEDF0-C8E4-442A-9D05-655B31CC94CB}.AppStore|iPhoneSimulator.Deploy.0 = Release|Any CPU
		{515CEDF0-C8E4-442A-9D05-655B31CC94CB}.AppStore|x64.ActiveCfg = Release|Any CPU
		{515CEDF0-C8E4-442A-9D05-655B31CC94CB}.AppStore|x64.Build.0 = Release|Any CPU
		{515CEDF0-C8E4-442A-9D05-655B31CC94CB}.AppStore|x64.Deploy.0 = Release|Any CPU
		{515CEDF0-C8E4-442A-9D05-655B31CC94CB}.AppStore|x86.ActiveCfg = Release|Any CPU
		{515CEDF0-C8E4-442A-9D05-655B31CC94CB}.AppStore|x86.Build.0 = Release|Any CPU
		{515CEDF0-C8E4-442A-9D05-655B31CC94CB}.AppStore|x86.Deploy.0 = Release|Any CPU
		{515CEDF0-C8E4-442A-9D05-655B31CC94CB}.Debug|Any CPU.ActiveCfg = Debug|Any CPU
		{515CEDF0-C8E4-442A-9D05-655B31CC94CB}.Debug|Any CPU.Build.0 = Debug|Any CPU
		{515CEDF0-C8E4-442A-9D05-655B31CC94CB}.Debug|Any CPU.Deploy.0 = Debug|Any CPU
		{515CEDF0-C8E4-442A-9D05-655B31CC94CB}.Debug|ARM.ActiveCfg = Debug|Any CPU
		{515CEDF0-C8E4-442A-9D05-655B31CC94CB}.Debug|ARM.Build.0 = Debug|Any CPU
		{515CEDF0-C8E4-442A-9D05-655B31CC94CB}.Debug|ARM.Deploy.0 = Debug|Any CPU
		{515CEDF0-C8E4-442A-9D05-655B31CC94CB}.Debug|iPhone.ActiveCfg = Debug|Any CPU
		{515CEDF0-C8E4-442A-9D05-655B31CC94CB}.Debug|iPhone.Build.0 = Debug|Any CPU
		{515CEDF0-C8E4-442A-9D05-655B31CC94CB}.Debug|iPhone.Deploy.0 = Debug|Any CPU
		{515CEDF0-C8E4-442A-9D05-655B31CC94CB}.Debug|iPhoneSimulator.ActiveCfg = Debug|Any CPU
		{515CEDF0-C8E4-442A-9D05-655B31CC94CB}.Debug|iPhoneSimulator.Build.0 = Debug|Any CPU
		{515CEDF0-C8E4-442A-9D05-655B31CC94CB}.Debug|iPhoneSimulator.Deploy.0 = Debug|Any CPU
		{515CEDF0-C8E4-442A-9D05-655B31CC94CB}.Debug|x64.ActiveCfg = Debug|Any CPU
		{515CEDF0-C8E4-442A-9D05-655B31CC94CB}.Debug|x64.Build.0 = Debug|Any CPU
		{515CEDF0-C8E4-442A-9D05-655B31CC94CB}.Debug|x64.Deploy.0 = Debug|Any CPU
		{515CEDF0-C8E4-442A-9D05-655B31CC94CB}.Debug|x86.ActiveCfg = Debug|Any CPU
		{515CEDF0-C8E4-442A-9D05-655B31CC94CB}.Debug|x86.Build.0 = Debug|Any CPU
		{515CEDF0-C8E4-442A-9D05-655B31CC94CB}.Debug|x86.Deploy.0 = Debug|Any CPU
		{515CEDF0-C8E4-442A-9D05-655B31CC94CB}.Release|Any CPU.ActiveCfg = Release|Any CPU
		{515CEDF0-C8E4-442A-9D05-655B31CC94CB}.Release|Any CPU.Build.0 = Release|Any CPU
		{515CEDF0-C8E4-442A-9D05-655B31CC94CB}.Release|Any CPU.Deploy.0 = Release|Any CPU
		{515CEDF0-C8E4-442A-9D05-655B31CC94CB}.Release|ARM.ActiveCfg = Release|Any CPU
		{515CEDF0-C8E4-442A-9D05-655B31CC94CB}.Release|ARM.Build.0 = Release|Any CPU
		{515CEDF0-C8E4-442A-9D05-655B31CC94CB}.Release|ARM.Deploy.0 = Release|Any CPU
		{515CEDF0-C8E4-442A-9D05-655B31CC94CB}.Release|iPhone.ActiveCfg = Release|Any CPU
		{515CEDF0-C8E4-442A-9D05-655B31CC94CB}.Release|iPhone.Build.0 = Release|Any CPU
		{515CEDF0-C8E4-442A-9D05-655B31CC94CB}.Release|iPhone.Deploy.0 = Release|Any CPU
		{515CEDF0-C8E4-442A-9D05-655B31CC94CB}.Release|iPhoneSimulator.ActiveCfg = Release|Any CPU
		{515CEDF0-C8E4-442A-9D05-655B31CC94CB}.Release|iPhoneSimulator.Build.0 = Release|Any CPU
		{515CEDF0-C8E4-442A-9D05-655B31CC94CB}.Release|iPhoneSimulator.Deploy.0 = Release|Any CPU
		{515CEDF0-C8E4-442A-9D05-655B31CC94CB}.Release|x64.ActiveCfg = Release|Any CPU
		{515CEDF0-C8E4-442A-9D05-655B31CC94CB}.Release|x64.Build.0 = Release|Any CPU
		{515CEDF0-C8E4-442A-9D05-655B31CC94CB}.Release|x64.Deploy.0 = Release|Any CPU
		{515CEDF0-C8E4-442A-9D05-655B31CC94CB}.Release|x86.ActiveCfg = Release|Any CPU
		{515CEDF0-C8E4-442A-9D05-655B31CC94CB}.Release|x86.Build.0 = Release|Any CPU
		{515CEDF0-C8E4-442A-9D05-655B31CC94CB}.Release|x86.Deploy.0 = Release|Any CPU
		{97C12E9B-2C96-4B0B-AF61-1F718935818A}.Ad-Hoc|Any CPU.ActiveCfg = Ad-Hoc|iPhone
		{97C12E9B-2C96-4B0B-AF61-1F718935818A}.Ad-Hoc|ARM.ActiveCfg = Ad-Hoc|iPhone
		{97C12E9B-2C96-4B0B-AF61-1F718935818A}.Ad-Hoc|iPhone.ActiveCfg = Ad-Hoc|iPhone
		{97C12E9B-2C96-4B0B-AF61-1F718935818A}.Ad-Hoc|iPhone.Build.0 = Ad-Hoc|iPhone
		{97C12E9B-2C96-4B0B-AF61-1F718935818A}.Ad-Hoc|iPhoneSimulator.ActiveCfg = Ad-Hoc|iPhoneSimulator
		{97C12E9B-2C96-4B0B-AF61-1F718935818A}.Ad-Hoc|iPhoneSimulator.Build.0 = Ad-Hoc|iPhoneSimulator
		{97C12E9B-2C96-4B0B-AF61-1F718935818A}.Ad-Hoc|x64.ActiveCfg = Ad-Hoc|iPhone
		{97C12E9B-2C96-4B0B-AF61-1F718935818A}.Ad-Hoc|x86.ActiveCfg = Ad-Hoc|iPhone
		{97C12E9B-2C96-4B0B-AF61-1F718935818A}.AppStore|Any CPU.ActiveCfg = AppStore|iPhone
		{97C12E9B-2C96-4B0B-AF61-1F718935818A}.AppStore|ARM.ActiveCfg = AppStore|iPhone
		{97C12E9B-2C96-4B0B-AF61-1F718935818A}.AppStore|iPhone.ActiveCfg = AppStore|iPhone
		{97C12E9B-2C96-4B0B-AF61-1F718935818A}.AppStore|iPhone.Build.0 = AppStore|iPhone
		{97C12E9B-2C96-4B0B-AF61-1F718935818A}.AppStore|iPhoneSimulator.ActiveCfg = AppStore|iPhoneSimulator
		{97C12E9B-2C96-4B0B-AF61-1F718935818A}.AppStore|iPhoneSimulator.Build.0 = AppStore|iPhoneSimulator
		{97C12E9B-2C96-4B0B-AF61-1F718935818A}.AppStore|x64.ActiveCfg = AppStore|iPhone
		{97C12E9B-2C96-4B0B-AF61-1F718935818A}.AppStore|x86.ActiveCfg = AppStore|iPhone
		{97C12E9B-2C96-4B0B-AF61-1F718935818A}.Debug|Any CPU.ActiveCfg = Debug|iPhone
		{97C12E9B-2C96-4B0B-AF61-1F718935818A}.Debug|ARM.ActiveCfg = Debug|iPhone
		{97C12E9B-2C96-4B0B-AF61-1F718935818A}.Debug|iPhone.ActiveCfg = Debug|iPhone
		{97C12E9B-2C96-4B0B-AF61-1F718935818A}.Debug|iPhone.Build.0 = Debug|iPhone
		{97C12E9B-2C96-4B0B-AF61-1F718935818A}.Debug|iPhoneSimulator.ActiveCfg = Debug|iPhoneSimulator
		{97C12E9B-2C96-4B0B-AF61-1F718935818A}.Debug|iPhoneSimulator.Build.0 = Debug|iPhoneSimulator
		{97C12E9B-2C96-4B0B-AF61-1F718935818A}.Debug|x64.ActiveCfg = Debug|iPhone
		{97C12E9B-2C96-4B0B-AF61-1F718935818A}.Debug|x86.ActiveCfg = Debug|iPhone
		{97C12E9B-2C96-4B0B-AF61-1F718935818A}.Release|Any CPU.ActiveCfg = Release|iPhone
		{97C12E9B-2C96-4B0B-AF61-1F718935818A}.Release|ARM.ActiveCfg = Release|iPhone
		{97C12E9B-2C96-4B0B-AF61-1F718935818A}.Release|iPhone.ActiveCfg = Release|iPhone
		{97C12E9B-2C96-4B0B-AF61-1F718935818A}.Release|iPhone.Build.0 = Release|iPhone
		{97C12E9B-2C96-4B0B-AF61-1F718935818A}.Release|iPhoneSimulator.ActiveCfg = Release|iPhoneSimulator
		{97C12E9B-2C96-4B0B-AF61-1F718935818A}.Release|iPhoneSimulator.Build.0 = Release|iPhoneSimulator
		{97C12E9B-2C96-4B0B-AF61-1F718935818A}.Release|x64.ActiveCfg = Release|iPhone
		{97C12E9B-2C96-4B0B-AF61-1F718935818A}.Release|x86.ActiveCfg = Release|iPhone
	EndGlobalSection
	GlobalSection(SolutionProperties) = preSolution
		HideSolutionNode = FALSE
	EndGlobalSection
EndGlobal
